<Solution>
  <Project Path="Dsw2026Tpi.Api/Dsw2026Tpi.Api.csproj" />
  <Project Path="Dsw2026Tpi.Application.Tests/Dsw2026Tpi.Application.Tests.csproj" Id="44d2b196-a11e-4045-9a5a-d4c6650e2862" />
  <Project Path="Dsw2026Tpi.Application/Dsw2026Tpi.Application.csproj" />
  <Project Path="Dsw2026Tpi.CrossCutting/Dsw2026Tpi.CrossCutting.csproj" Id="0dd6d6ea-0e59-4ffb-9a7f-f9efc8788ae6" />
  <Project Path="Dsw2026Tpi.Data/Dsw2026Tpi.Data.csproj" />
  <Project Path="Dsw2026Tpi.Domain/Dsw2026Tpi.Domain.csproj" />
</Solution>
